
Microsoft Visual Studio Solution File, Format Version 12.00
# Visual Studio 15
VisualStudioVersion = 15.0.28307.960
MinimumVisualStudioVersion = 10.0.40219.1
Project("{8BC9CEB8-8B4A-11D0-8D11-00A0C91BC942}") = "mian43.整数数组中1出现的次数", "mian43.整数数组中1出现的次数\mian43.整数数组中1出现的次数.vcxproj", "{E3396607-8558-4927-8AEF-8CE3C6DC88F1}"
EndProject
Global
	GlobalSection(SolutionConfigurationPlatforms) = preSolution
		Debug|x64 = Debug|x64
		Debug|x86 = Debug|x86
		Release|x64 = Release|x64
		Release|x86 = Release|x86
	EndGlobalSection
	GlobalSection(ProjectConfigurationPlatforms) = postSolution
		{E3396607-8558-4927-8AEF-8CE3C6DC88F1}.Debug|x64.ActiveCfg = Debug|x64
		{E3396607-8558-4927-8AEF-8CE3C6DC88F1}.Debug|x64.Build.0 = Debug|x64
		{E3396607-8558-4927-8AEF-8CE3C6DC88F1}.Debug|x86.ActiveCfg = Debug|Win32
		{E3396607-8558-4927-8AEF-8CE3C6DC88F1}.Debug|x86.Build.0 = Debug|Win32
		{E3396607-8558-4927-8AEF-8CE3C6DC88F1}.Release|x64.ActiveCfg = Release|x64
		{E3396607-8558-4927-8AEF-8CE3C6DC88F1}.Release|x64.Build.0 = Release|x64
		{E3396607-8558-4927-8AEF-8CE3C6DC88F1}.Release|x86.ActiveCfg = Release|Win32
		{E3396607-8558-4927-8AEF-8CE3C6DC88F1}.Release|x86.Build.0 = Release|Win32
	EndGlobalSection
	GlobalSection(SolutionProperties) = preSolution
		HideSolutionNode = FALSE
	EndGlobalSection
	GlobalSection(ExtensibilityGlobals) = postSolution
		SolutionGuid = {7FDE9F54-EFD0-400F-B24B-5C2B90D86558}
	EndGlobalSection
EndGlobal
