
Microsoft Visual Studio Solution File, Format Version 12.00
# Visual Studio 15
VisualStudioVersion = 15.0.28307.960
MinimumVisualStudioVersion = 10.0.40219.1
Project("{8BC9CEB8-8B4A-11D0-8D11-00A0C91BC942}") = "mian31.栈的压入弹出序列", "mian31.栈的压入弹出序列\mian31.栈的压入弹出序列.vcxproj", "{6AA1147D-9609-4844-8B80-448328E890A0}"
EndProject
Global
	GlobalSection(SolutionConfigurationPlatforms) = preSolution
		Debug|x64 = Debug|x64
		Debug|x86 = Debug|x86
		Release|x64 = Release|x64
		Release|x86 = Release|x86
	EndGlobalSection
	GlobalSection(ProjectConfigurationPlatforms) = postSolution
		{6AA1147D-9609-4844-8B80-448328E890A0}.Debug|x64.ActiveCfg = Debug|x64
		{6AA1147D-9609-4844-8B80-448328E890A0}.Debug|x64.Build.0 = Debug|x64
		{6AA1147D-9609-4844-8B80-448328E890A0}.Debug|x86.ActiveCfg = Debug|Win32
		{6AA1147D-9609-4844-8B80-448328E890A0}.Debug|x86.Build.0 = Debug|Win32
		{6AA1147D-9609-4844-8B80-448328E890A0}.Release|x64.ActiveCfg = Release|x64
		{6AA1147D-9609-4844-8B80-448328E890A0}.Release|x64.Build.0 = Release|x64
		{6AA1147D-9609-4844-8B80-448328E890A0}.Release|x86.ActiveCfg = Release|Win32
		{6AA1147D-9609-4844-8B80-448328E890A0}.Release|x86.Build.0 = Release|Win32
	EndGlobalSection
	GlobalSection(SolutionProperties) = preSolution
		HideSolutionNode = FALSE
	EndGlobalSection
	GlobalSection(ExtensibilityGlobals) = postSolution
		SolutionGuid = {085AC85F-FB76-426E-8B04-968ADDC032D0}
	EndGlobalSection
EndGlobal
