
Microsoft Visual Studio Solution File, Format Version 12.00
# Visual Studio 15
VisualStudioVersion = 15.0.28307.960
MinimumVisualStudioVersion = 10.0.40219.1
Project("{8BC9CEB8-8B4A-11D0-8D11-00A0C91BC942}") = "mian30.包含main函数的栈", "mian30.包含main函数的栈\mian30.包含main函数的栈.vcxproj", "{0ECEC6E9-3861-44B9-B98E-FA856E8A05DD}"
EndProject
Global
	GlobalSection(SolutionConfigurationPlatforms) = preSolution
		Debug|x64 = Debug|x64
		Debug|x86 = Debug|x86
		Release|x64 = Release|x64
		Release|x86 = Release|x86
	EndGlobalSection
	GlobalSection(ProjectConfigurationPlatforms) = postSolution
		{0ECEC6E9-3861-44B9-B98E-FA856E8A05DD}.Debug|x64.ActiveCfg = Debug|x64
		{0ECEC6E9-3861-44B9-B98E-FA856E8A05DD}.Debug|x64.Build.0 = Debug|x64
		{0ECEC6E9-3861-44B9-B98E-FA856E8A05DD}.Debug|x86.ActiveCfg = Debug|Win32
		{0ECEC6E9-3861-44B9-B98E-FA856E8A05DD}.Debug|x86.Build.0 = Debug|Win32
		{0ECEC6E9-3861-44B9-B98E-FA856E8A05DD}.Release|x64.ActiveCfg = Release|x64
		{0ECEC6E9-3861-44B9-B98E-FA856E8A05DD}.Release|x64.Build.0 = Release|x64
		{0ECEC6E9-3861-44B9-B98E-FA856E8A05DD}.Release|x86.ActiveCfg = Release|Win32
		{0ECEC6E9-3861-44B9-B98E-FA856E8A05DD}.Release|x86.Build.0 = Release|Win32
	EndGlobalSection
	GlobalSection(SolutionProperties) = preSolution
		HideSolutionNode = FALSE
	EndGlobalSection
	GlobalSection(ExtensibilityGlobals) = postSolution
		SolutionGuid = {9404C6A9-DCF7-455C-8D38-610FF3600D20}
	EndGlobalSection
EndGlobal
