
Microsoft Visual Studio Solution File, Format Version 12.00
# Visual Studio 15
VisualStudioVersion = 15.0.28307.960
MinimumVisualStudioVersion = 10.0.40219.1
Project("{8BC9CEB8-8B4A-11D0-8D11-00A0C91BC942}") = "mian34.二叉搜索树和为某一值的路径", "mian34.二叉搜索树和为某一值的路径\mian34.二叉搜索树和为某一值的路径.vcxproj", "{AC47B585-BB40-4E5F-B64A-070C3AB78D05}"
EndProject
Global
	GlobalSection(SolutionConfigurationPlatforms) = preSolution
		Debug|x64 = Debug|x64
		Debug|x86 = Debug|x86
		Release|x64 = Release|x64
		Release|x86 = Release|x86
	EndGlobalSection
	GlobalSection(ProjectConfigurationPlatforms) = postSolution
		{AC47B585-BB40-4E5F-B64A-070C3AB78D05}.Debug|x64.ActiveCfg = Debug|x64
		{AC47B585-BB40-4E5F-B64A-070C3AB78D05}.Debug|x64.Build.0 = Debug|x64
		{AC47B585-BB40-4E5F-B64A-070C3AB78D05}.Debug|x86.ActiveCfg = Debug|Win32
		{AC47B585-BB40-4E5F-B64A-070C3AB78D05}.Debug|x86.Build.0 = Debug|Win32
		{AC47B585-BB40-4E5F-B64A-070C3AB78D05}.Release|x64.ActiveCfg = Release|x64
		{AC47B585-BB40-4E5F-B64A-070C3AB78D05}.Release|x64.Build.0 = Release|x64
		{AC47B585-BB40-4E5F-B64A-070C3AB78D05}.Release|x86.ActiveCfg = Release|Win32
		{AC47B585-BB40-4E5F-B64A-070C3AB78D05}.Release|x86.Build.0 = Release|Win32
	EndGlobalSection
	GlobalSection(SolutionProperties) = preSolution
		HideSolutionNode = FALSE
	EndGlobalSection
	GlobalSection(ExtensibilityGlobals) = postSolution
		SolutionGuid = {549BE667-E7A2-42B9-B904-8BB1889C1472}
	EndGlobalSection
EndGlobal
